{
  "version": "5",
  "specifiers": {
    "jsr:@deno-plc/adapter-tcp@^1.1.0": "1.1.0",
    "jsr:@deno-plc/nats@~0.3.4": "0.3.4",
    "jsr:@deno-plc/obs-interface@^1.0.4": "1.0.4",
    "jsr:@deno-plc/sacn@*": "1.2.0",
    "jsr:@deno-plc/signal-utils@^0.0.5": "0.0.5",
    "jsr:@deno-plc/signals@^0.0.2": "0.0.2",
    "jsr:@deno-plc/utils@0.2": "0.2.0",
    "jsr:@logtape/logtape@0.8": "0.8.2",
    "jsr:@logtape/logtape@~0.8.2": "0.8.2",
    "jsr:@nats-io/nats-core@^3.0.2": "3.0.2",
    "jsr:@nats-io/nkeys@2.0.3": "2.0.3",
    "jsr:@nats-io/nuid@2.0.3": "2.0.3",
    "jsr:@std/assert@^1.0.9": "1.0.13",
    "jsr:@std/bytes@^1.0.5": "1.0.6",
    "jsr:@std/encoding@^1.0.10": "1.0.10",
    "jsr:@std/msgpack@^1.0.3": "1.0.3",
    "npm:@preact/signals@^2.0.1": "2.0.4_preact@10.26.6",
    "npm:preact@^10.22.1": "10.26.6",
    "npm:tweetnacl@1.0.3": "1.0.3",
    "npm:zod@^3.24.1": "3.24.4"
  },
  "jsr": {
    "@deno-plc/adapter-tcp@1.1.0": {
      "integrity": "7261bc473e0514523f974112f1d6bd4b056bc0d6c280645a9c2e2503e674cc6f",
      "dependencies": [
        "jsr:@deno-plc/signals",
        "jsr:@logtape/logtape@~0.8.2"
      ]
    },
    "@deno-plc/nats@0.3.4": {
      "integrity": "b423305881a75e099d70395a5506e80eba8cbecfa54c836b50c07b2f26d96c57",
      "dependencies": [
        "jsr:@deno-plc/signal-utils",
        "jsr:@deno-plc/signals",
        "jsr:@deno-plc/utils",
        "jsr:@logtape/logtape@0.8",
        "jsr:@std/assert",
        "jsr:@std/msgpack",
        "npm:preact",
        "npm:zod"
      ]
    },
    "@deno-plc/obs-interface@1.0.4": {
      "integrity": "f42b1b1e13a221b8a3547201fbc95492b460fa3a0ba61af85346eeac1a95472c",
      "dependencies": [
        "jsr:@std/encoding"
      ]
    },
    "@deno-plc/sacn@1.2.0": {
      "integrity": "d0434b41730250ecc77680c02a084a49146e118a3115d5b7a0158b34990226fe"
    },
    "@deno-plc/signal-utils@0.0.5": {
      "integrity": "186f013f1702571fb09f91c7630b6ea54e432664162aa4011fcb1b3ec56d6f31",
      "dependencies": [
        "jsr:@deno-plc/signals"
      ]
    },
    "@deno-plc/signals@0.0.2": {
      "integrity": "8ad0c2d29b8a657059ee5f53b5cadad08c9d1b1b659c93dd04e5b9d4ff6e0cc6",
      "dependencies": [
        "npm:@preact/signals"
      ]
    },
    "@deno-plc/utils@0.2.0": {
      "integrity": "af12e45edac2a0e326243bacad1544ea8baaddd385e50c69804014def5fce867"
    },
    "@logtape/logtape@0.8.2": {
      "integrity": "e2ae1fc2561e8d010359b9894efb39bdb559dae44f5824540cbb26a78eee36bc"
    },
    "@nats-io/nats-core@3.0.2": {
      "integrity": "e38944d564ea50d5c50f2d8d47f16cead1872d16b12e76ece64933d87a65176b",
      "dependencies": [
        "jsr:@nats-io/nkeys",
        "jsr:@nats-io/nuid"
      ]
    },
    "@nats-io/nkeys@2.0.3": {
      "integrity": "e92c96eea32b559f2e0f32555b49376942d66c07e59efff9180dbf29e516fbd8",
      "dependencies": [
        "npm:tweetnacl"
      ]
    },
    "@nats-io/nuid@2.0.3": {
      "integrity": "c1069446e43dfa4f5e599c398a1bfc1be0c8dab1c839b6d2b9c3617cc1998306"
    },
    "@std/assert@1.0.13": {
      "integrity": "ae0d31e41919b12c656c742b22522c32fb26ed0cba32975cb0de2a273cb68b29"
    },
    "@std/bytes@1.0.6": {
      "integrity": "f6ac6adbd8ccd99314045f5703e23af0a68d7f7e58364b47d2c7f408aeb5820a"
    },
    "@std/encoding@1.0.10": {
      "integrity": "8783c6384a2d13abd5e9e87a7ae0520a30e9f56aeeaa3bdf910a3eaaf5c811a1"
    },
    "@std/msgpack@1.0.3": {
      "integrity": "b384239867dfd08aba9069d433e415a8229c6f966716d6b7fd3972a6fe605848",
      "dependencies": [
        "jsr:@std/bytes"
      ]
    }
  },
  "npm": {
    "@preact/signals-core@1.8.0": {
      "integrity": "sha512-OBvUsRZqNmjzCZXWLxkZfhcgT+Fk8DDcT/8vD6a1xhDemodyy87UJRJfASMuSD8FaAIeGgGm85ydXhm7lr4fyA=="
    },
    "@preact/signals@2.0.4_preact@10.26.6": {
      "integrity": "sha512-9241aGnIv7y0IGzaq2vkBMe8/0jGnnmEEUeFmAoTWsaj8q/BW2PVekL8nHVJcy69bBww6rwEy3A1tc6yPE0sJA==",
      "dependencies": [
        "@preact/signals-core",
        "preact"
      ]
    },
    "preact@10.26.6": {
      "integrity": "sha512-5SRRBinwpwkaD+OqlBDeITlRgvd8I8QlxHJw9AxSdMNV6O+LodN9nUyYGpSF7sadHjs6RzeFShMexC6DbtWr9g=="
    },
    "tweetnacl@1.0.3": {
      "integrity": "sha512-6rt+RN7aOi1nGMyC4Xa5DdYiukl2UWCbcJft7YhxReBGQD7OAM8Pbxw6YMo4r2diNEA8FEmu32YOn9rhaiE5yw=="
    },
    "zod@3.24.4": {
      "integrity": "sha512-OdqJE9UDRPwWsrHjLN2F8bPxvwJBK22EHLWtanu0LSYr5YqzsaaW3RMgmjwr8Rypg5k+meEJdSPXJZXE/yqOMg=="
    }
  },
  "remote": {
    "https://deno.land/x/sacn@v1.0.2/lib/dmxAddr.ts": "1a22ff3b1e0b20faee573c6d6cac9882e18c79a6f039dca1db440fdc5f92618e",
    "https://deno.land/x/sacn@v1.0.2/lib/util.ts": "a288ea67c73cfb82079d121f9cdd8af3c5b8c4acdb276c34ce0c1d4c9da0e74d",
    "https://deno.land/x/sacn@v1.0.2/mod.ts": "3f9cccc0743fbde7167c12de69611e20b04718818fbbcb30f859bc91e5b57774",
    "https://deno.land/x/sacn@v1.0.2/src/constants.ts": "91736bad9395b8287fac09d29de1d7a20136337adc8a103fd0c257ad7b25de90",
    "https://deno.land/x/sacn@v1.0.2/src/packet.ts": "5d3521ae44ce16ae897850fbc7a71255cba2c10d898c73734397fa329a418c46",
    "https://deno.land/x/sacn@v1.0.2/src/receiver.ts": "9a5d3ba3cff8ae21f2a92e2fd611b076aaa24aac3e991fd759e4798690ddea56"
  },
  "workspace": {
    "dependencies": [
      "jsr:@deno-plc/adapter-tcp@^1.1.0",
      "jsr:@deno-plc/nats@~0.3.4",
      "jsr:@deno-plc/obs-interface@^1.0.4"
    ]
  }
}
